// !$*UTF8*$!
{
	archiveVersion = 1;
	classes = {
	};
	objectVersion = 55;
	objects = {

/* Begin PBXBuildFile section */
		949B560D282B5BF40062F563 /* Szero_WebViewController.m in Sources */ = {isa = PBXBuildFile; fileRef = 949B560C282B5BF40062F563 /* Szero_WebViewController.m */; };
		949B5615282BB38E0062F563 /* Szero_AESencrytDecrypt.m in Sources */ = {isa = PBXBuildFile; fileRef = 949B5612282BB38E0062F563 /* Szero_AESencrytDecrypt.m */; };
		949B5616282BB38E0062F563 /* XCClient.m in Sources */ = {isa = PBXBuildFile; fileRef = 949B5613282BB38E0062F563 /* XCClient.m */; };
		949B5617282BB38E0062F563 /* Szero_HomeAdapter.m in Sources */ = {isa = PBXBuildFile; fileRef = 949B5614282BB38E0062F563 /* Szero_HomeAdapter.m */; };
		949B565F282BB93B0062F563 /* NetworkExtension.framework in Frameworks */ = {isa = PBXBuildFile; fileRef = 949B564F282BB90C0062F563 /* NetworkExtension.framework */; };
		949B5669282DFD940062F563 /* kRemoteCertFileName in Resources */ = {isa = PBXBuildFile; fileRef = 949B5668282DFD940062F563 /* kRemoteCertFileName */; };
		949B566B282DFDAB0062F563 /* Szero_AutoModeConfig.txt in Resources */ = {isa = PBXBuildFile; fileRef = 949B566A282DFDAB0062F563 /* Szero_AutoModeConfig.txt */; };
		949B5676282E56550062F563 /* index.html in Resources */ = {isa = PBXBuildFile; fileRef = 949B566D282E56550062F563 /* index.html */; };
		949B5677282E56550062F563 /* index.css in Resources */ = {isa = PBXBuildFile; fileRef = 949B566E282E56550062F563 /* index.css */; };
		949B5678282E56550062F563 /* btn.png in Resources */ = {isa = PBXBuildFile; fileRef = 949B5670282E56550062F563 /* btn.png */; };
		949B5679282E56550062F563 /* logo.png in Resources */ = {isa = PBXBuildFile; fileRef = 949B5671282E56550062F563 /* logo.png */; };
		949B567A282E56550062F563 /* bg1.png in Resources */ = {isa = PBXBuildFile; fileRef = 949B5672282E56550062F563 /* bg1.png */; };
		949B567B282E56550062F563 /* bg2.png in Resources */ = {isa = PBXBuildFile; fileRef = 949B5673282E56550062F563 /* bg2.png */; };
		949B567C282E56550062F563 /* Service.html in Resources */ = {isa = PBXBuildFile; fileRef = 949B5674282E56550062F563 /* Service.html */; };
		949B567D282E56550062F563 /* Privacy.html in Resources */ = {isa = PBXBuildFile; fileRef = 949B5675282E56550062F563 /* Privacy.html */; };
		949B567F282E57480062F563 /* FirstPrivacy.html in Resources */ = {isa = PBXBuildFile; fileRef = 949B567E282E57480062F563 /* FirstPrivacy.html */; };
		949B5682282E58B90062F563 /* Sport_PrivacyViewController.m in Sources */ = {isa = PBXBuildFile; fileRef = 949B5681282E58B90062F563 /* Sport_PrivacyViewController.m */; };
		94A992B1280FEE5900F3E521 /* AppDelegate.m in Sources */ = {isa = PBXBuildFile; fileRef = 94A992B0280FEE5900F3E521 /* AppDelegate.m */; };
		94A992BA280FEE5900F3E521 /* Main.storyboard in Resources */ = {isa = PBXBuildFile; fileRef = 94A992B8280FEE5900F3E521 /* Main.storyboard */; };
		94A992BC280FEE5900F3E521 /* Assets.xcassets in Resources */ = {isa = PBXBuildFile; fileRef = 94A992BB280FEE5900F3E521 /* Assets.xcassets */; };
		94A992BF280FEE5900F3E521 /* LaunchScreen.storyboard in Resources */ = {isa = PBXBuildFile; fileRef = 94A992BD280FEE5900F3E521 /* LaunchScreen.storyboard */; };
		94A992C2280FEE5900F3E521 /* main.m in Sources */ = {isa = PBXBuildFile; fileRef = 94A992C1280FEE5900F3E521 /* main.m */; };
		94A992CF2810073700F3E521 /* Szero_ScanViewController.m in Sources */ = {isa = PBXBuildFile; fileRef = 94A992CE2810073700F3E521 /* Szero_ScanViewController.m */; };
		94A992DE2811080700F3E521 /* Szero_MineViewController.m in Sources */ = {isa = PBXBuildFile; fileRef = 94A992DD2811080700F3E521 /* Szero_MineViewController.m */; };
		94A992E1281108E300F3E521 /* Szero_HistoryViewController.m in Sources */ = {isa = PBXBuildFile; fileRef = 94A992E0281108E300F3E521 /* Szero_HistoryViewController.m */; };
		94A992E42811279A00F3E521 /* Szero_CreatViewController.m in Sources */ = {isa = PBXBuildFile; fileRef = 94A992E32811279A00F3E521 /* Szero_CreatViewController.m */; };
		94A992EC281139CB00F3E521 /* Szero_BaseNavController.m in Sources */ = {isa = PBXBuildFile; fileRef = 94A992E8281139CB00F3E521 /* Szero_BaseNavController.m */; };
		94A992ED281139CB00F3E521 /* Szero_BaseViewController.m in Sources */ = {isa = PBXBuildFile; fileRef = 94A992EB281139CB00F3E521 /* Szero_BaseViewController.m */; };
		94A992F528113A5B00F3E521 /* NSObject+TopViewController.m in Sources */ = {isa = PBXBuildFile; fileRef = 94A992F128113A5B00F3E521 /* NSObject+TopViewController.m */; };
		94A992FB2811406300F3E521 /* Szero_LaunchController.m in Sources */ = {isa = PBXBuildFile; fileRef = 94A992FA2811406300F3E521 /* Szero_LaunchController.m */; };
		94A99303281146DD00F3E521 /* Szero_FolderViewCell.m in Sources */ = {isa = PBXBuildFile; fileRef = 94A992FF281146DD00F3E521 /* Szero_FolderViewCell.m */; };
		94A99304281146DD00F3E521 /* Szero_TextView.m in Sources */ = {isa = PBXBuildFile; fileRef = 94A99301281146DD00F3E521 /* Szero_TextView.m */; };
		94A99305281146DD00F3E521 /* Szero_TextField.m in Sources */ = {isa = PBXBuildFile; fileRef = 94A99302281146DD00F3E521 /* Szero_TextField.m */; };
		94A993092811556D00F3E521 /* Szero_HistoryCellView.m in Sources */ = {isa = PBXBuildFile; fileRef = 94A993082811556D00F3E521 /* Szero_HistoryCellView.m */; };
		94A9930C28127CD200F3E521 /* Szero_CreatResultController.m in Sources */ = {isa = PBXBuildFile; fileRef = 94A9930B28127CD200F3E521 /* Szero_CreatResultController.m */; };
		94A9930F2812913200F3E521 /* Szero_ScanResultController.m in Sources */ = {isa = PBXBuildFile; fileRef = 94A9930E2812913200F3E521 /* Szero_ScanResultController.m */; };
		94A993132812AD0800F3E521 /* SettingViewCell.m in Sources */ = {isa = PBXBuildFile; fileRef = 94A993122812AD0800F3E521 /* SettingViewCell.m */; };
		94BB4B2728759A2800F91A06 /* GoogleService-Info.plist in Resources */ = {isa = PBXBuildFile; fileRef = 94BB4B2628759A2800F91A06 /* GoogleService-Info.plist */; };
		94BB4B2F2876BDF600F91A06 /* ADConfigManage.m in Sources */ = {isa = PBXBuildFile; fileRef = 94BB4B2A2876BDF600F91A06 /* ADConfigManage.m */; };
		94BB4B302876BDF600F91A06 /* ADConfigSetting.m in Sources */ = {isa = PBXBuildFile; fileRef = 94BB4B2B2876BDF600F91A06 /* ADConfigSetting.m */; };
		94BB4B312876BDF600F91A06 /* ADConfigModel.m in Sources */ = {isa = PBXBuildFile; fileRef = 94BB4B2D2876BDF600F91A06 /* ADConfigModel.m */; };
		94BB4B33287814B500F91A06 /* UnifiedNativeAdView.xib in Resources */ = {isa = PBXBuildFile; fileRef = 94BB4B32287814B500F91A06 /* UnifiedNativeAdView.xib */; };
		94BB4B40287BFA8600F91A06 /* 常规使用.rtfd in Resources */ = {isa = PBXBuildFile; fileRef = 94BB4B35287BFA8600F91A06 /* 常规使用.rtfd */; };
		94BB4B41287BFA8600F91A06 /* UIView+Border.m in Sources */ = {isa = PBXBuildFile; fileRef = 94BB4B36287BFA8600F91A06 /* UIView+Border.m */; };
		94BB4B42287BFA8600F91A06 /* XKAlertUtil.m in Sources */ = {isa = PBXBuildFile; fileRef = 94BB4B38287BFA8600F91A06 /* XKAlertUtil.m */; };
		94BB4B43287BFA8600F91A06 /* XKConsoleBoard.m in Sources */ = {isa = PBXBuildFile; fileRef = 94BB4B39287BFA8600F91A06 /* XKConsoleBoard.m */; };
		94BB4B44287BFA8600F91A06 /* XKCrashRecord.m in Sources */ = {isa = PBXBuildFile; fileRef = 94BB4B3B287BFA8600F91A06 /* XKCrashRecord.m */; };
		94BB4B45287BFA8600F91A06 /* XKDeviceDataLibrery.m in Sources */ = {isa = PBXBuildFile; fileRef = 94BB4B3E287BFA8600F91A06 /* XKDeviceDataLibrery.m */; };
		94BE930A283CD85400DE0685 /* Szero_BaseTabController.m in Sources */ = {isa = PBXBuildFile; fileRef = 94BE9308283CD85300DE0685 /* Szero_BaseTabController.m */; };
		94BE930D283CE52E00DE0685 /* SOneVPTool.m in Sources */ = {isa = PBXBuildFile; fileRef = 94BE930B283CE52E00DE0685 /* SOneVPTool.m */; };
		94BE9310283CE56500DE0685 /* NSString+SOneExtension.m in Sources */ = {isa = PBXBuildFile; fileRef = 94BE930F283CE56500DE0685 /* NSString+SOneExtension.m */; };
		94C260F928151A9A0075B013 /* Szero_AboutViewController.m in Sources */ = {isa = PBXBuildFile; fileRef = 94C260F828151A9A0075B013 /* Szero_AboutViewController.m */; };
		94C260FC281520980075B013 /* Szero_RateView.m in Sources */ = {isa = PBXBuildFile; fileRef = 94C260FB281520980075B013 /* Szero_RateView.m */; };
		94C260FF28153EF20075B013 /* Szero_ClearCacheView.m in Sources */ = {isa = PBXBuildFile; fileRef = 94C260FE28153EF20075B013 /* Szero_ClearCacheView.m */; };
		94C26107281558D20075B013 /* Szero_GlobalMananger.m in Sources */ = {isa = PBXBuildFile; fileRef = 94C26105281558D20075B013 /* Szero_GlobalMananger.m */; };
		94C2610A281559160075B013 /* Szero_QRManager.m in Sources */ = {isa = PBXBuildFile; fileRef = 94C26109281559160075B013 /* Szero_QRManager.m */; };
		94C2610D281559280075B013 /* Szero_CardModel.m in Sources */ = {isa = PBXBuildFile; fileRef = 94C2610B281559280075B013 /* Szero_CardModel.m */; };
		94C261152815595C0075B013 /* NSDate+Helper.m in Sources */ = {isa = PBXBuildFile; fileRef = 94C2610F2815595C0075B013 /* NSDate+Helper.m */; };
		94C2611A28156BCB0075B013 /* SportAppConfig.m in Sources */ = {isa = PBXBuildFile; fileRef = 94C2611828156BCB0075B013 /* SportAppConfig.m */; };
		94C2611E28163CA10075B013 /* start.json in Resources */ = {isa = PBXBuildFile; fileRef = 94C2611C28163CA10075B013 /* start.json */; };
		94C2611F28163CA10075B013 /* connect.json in Resources */ = {isa = PBXBuildFile; fileRef = 94C2611D28163CA10075B013 /* connect.json */; };
		94C261312816CA7E0075B013 /* Szero_GlobalConfigModel.m in Sources */ = {isa = PBXBuildFile; fileRef = 94C2612E2816CA7E0075B013 /* Szero_GlobalConfigModel.m */; };
		94C2613828179D190075B013 /* SelectNavgidueView.m in Sources */ = {isa = PBXBuildFile; fileRef = 94C2613728179D190075B013 /* SelectNavgidueView.m */; };
		94C2613B2817DF070075B013 /* Szero_EditQRController.m in Sources */ = {isa = PBXBuildFile; fileRef = 94C2613A2817DF070075B013 /* Szero_EditQRController.m */; };
		94C2613E2817F9920075B013 /* Szero_CreatUrlCell.m in Sources */ = {isa = PBXBuildFile; fileRef = 94C2613D2817F9920075B013 /* Szero_CreatUrlCell.m */; };
		94F85988283399A50028AA3D /* default_serverList.txt in Resources */ = {isa = PBXBuildFile; fileRef = 94F85987283399A50028AA3D /* default_serverList.txt */; };
		F69862EB9F892740D82FFB73 /* Pods_szeroqr.framework in Frameworks */ = {isa = PBXBuildFile; fileRef = D88FFEB34A023A0B4A0E12ED /* Pods_szeroqr.framework */; };
/* End PBXBuildFile section */

/* Begin PBXCopyFilesBuildPhase section */
		949B565D282BB90C0062F563 /* Embed App Extensions */ = {
			isa = PBXCopyFilesBuildPhase;
			buildActionMask = 2147483647;
			dstPath = "";
			dstSubfolderSpec = 13;
			files = (
			);
			name = "Embed App Extensions";
			runOnlyForDeploymentPostprocessing = 0;
		};
/* End PBXCopyFilesBuildPhase section */

/* Begin PBXFileReference section */
		042FE9A1A449FE656F75BFA5 /* Pods-PacketTunnel.debug.xcconfig */ = {isa = PBXFileReference; includeInIndex = 1; lastKnownFileType = text.xcconfig; name = "Pods-PacketTunnel.debug.xcconfig"; path = "Target Support Files/Pods-PacketTunnel/Pods-PacketTunnel.debug.xcconfig"; sourceTree = "<group>"; };
		5B0DA7E52CFB554378F6BD9B /* Pods-szeroqr.release.xcconfig */ = {isa = PBXFileReference; includeInIndex = 1; lastKnownFileType = text.xcconfig; name = "Pods-szeroqr.release.xcconfig"; path = "Target Support Files/Pods-szeroqr/Pods-szeroqr.release.xcconfig"; sourceTree = "<group>"; };
		781859DF46F3DD8647A4CF07 /* Pods-PacketTunnel.release.xcconfig */ = {isa = PBXFileReference; includeInIndex = 1; lastKnownFileType = text.xcconfig; name = "Pods-PacketTunnel.release.xcconfig"; path = "Target Support Files/Pods-PacketTunnel/Pods-PacketTunnel.release.xcconfig"; sourceTree = "<group>"; };
		8C3566B8BE6E31423275C0CA /* Pods-szeroqr.debug.xcconfig */ = {isa = PBXFileReference; includeInIndex = 1; lastKnownFileType = text.xcconfig; name = "Pods-szeroqr.debug.xcconfig"; path = "Target Support Files/Pods-szeroqr/Pods-szeroqr.debug.xcconfig"; sourceTree = "<group>"; };
		9440D78A41E17EFAE4DBDF80 /* Pods_PacketTunnel.framework */ = {isa = PBXFileReference; explicitFileType = wrapper.framework; includeInIndex = 0; path = Pods_PacketTunnel.framework; sourceTree = BUILT_PRODUCTS_DIR; };
		949B560B282B5BEF0062F563 /* Szero_WebViewController.h */ = {isa = PBXFileReference; fileEncoding = 4; lastKnownFileType = sourcecode.c.h; path = Szero_WebViewController.h; sourceTree = "<group>"; };
		949B560C282B5BF40062F563 /* Szero_WebViewController.m */ = {isa = PBXFileReference; fileEncoding = 4; lastKnownFileType = sourcecode.c.objc; path = Szero_WebViewController.m; sourceTree = "<group>"; };
		949B560F282BB38E0062F563 /* Szero_AESencrytDecrypt.h */ = {isa = PBXFileReference; fileEncoding = 4; lastKnownFileType = sourcecode.c.h; path = Szero_AESencrytDecrypt.h; sourceTree = "<group>"; };
		949B5610282BB38E0062F563 /* XCClient.h */ = {isa = PBXFileReference; fileEncoding = 4; lastKnownFileType = sourcecode.c.h; path = XCClient.h; sourceTree = "<group>"; };
		949B5611282BB38E0062F563 /* Szero_HomeAdapter.h */ = {isa = PBXFileReference; fileEncoding = 4; lastKnownFileType = sourcecode.c.h; path = Szero_HomeAdapter.h; sourceTree = "<group>"; };
		949B5612282BB38E0062F563 /* Szero_AESencrytDecrypt.m */ = {isa = PBXFileReference; fileEncoding = 4; lastKnownFileType = sourcecode.c.objc; path = Szero_AESencrytDecrypt.m; sourceTree = "<group>"; };
		949B5613282BB38E0062F563 /* XCClient.m */ = {isa = PBXFileReference; fileEncoding = 4; lastKnownFileType = sourcecode.c.objc; path = XCClient.m; sourceTree = "<group>"; };
		949B5614282BB38E0062F563 /* Szero_HomeAdapter.m */ = {isa = PBXFileReference; fileEncoding = 4; lastKnownFileType = sourcecode.c.objc; path = Szero_HomeAdapter.m; sourceTree = "<group>"; };
		949B564F282BB90C0062F563 /* NetworkExtension.framework */ = {isa = PBXFileReference; lastKnownFileType = wrapper.framework; name = NetworkExtension.framework; path = System/Library/Frameworks/NetworkExtension.framework; sourceTree = SDKROOT; };
		949B5652282BB90C0062F563 /* PacketTunnelProvider.h */ = {isa = PBXFileReference; lastKnownFileType = sourcecode.c.h; path = PacketTunnelProvider.h; sourceTree = "<group>"; };
		949B5653282BB90C0062F563 /* PacketTunnelProvider.m */ = {isa = PBXFileReference; lastKnownFileType = sourcecode.c.objc; path = PacketTunnelProvider.m; sourceTree = "<group>"; };
		949B5655282BB90C0062F563 /* Info.plist */ = {isa = PBXFileReference; lastKnownFileType = text.plist.xml; path = Info.plist; sourceTree = "<group>"; };
		949B5656282BB90C0062F563 /* PacketTunnel.entitlements */ = {isa = PBXFileReference; lastKnownFileType = text.plist.entitlements; path = PacketTunnel.entitlements; sourceTree = "<group>"; };
		949B565E282BB9200062F563 /* szeroqr.entitlements */ = {isa = PBXFileReference; lastKnownFileType = text.plist.entitlements; path = szeroqr.entitlements; sourceTree = "<group>"; };
		949B5663282BC0120062F563 /* SOneLog.h */ = {isa = PBXFileReference; fileEncoding = 4; lastKnownFileType = sourcecode.c.h; path = SOneLog.h; sourceTree = "<group>"; };
		949B5664282BC0280062F563 /* PacketTunnel_VPMacro.h */ = {isa = PBXFileReference; fileEncoding = 4; lastKnownFileType = sourcecode.c.h; path = PacketTunnel_VPMacro.h; sourceTree = "<group>"; };
		949B5668282DFD940062F563 /* kRemoteCertFileName */ = {isa = PBXFileReference; fileEncoding = 4; lastKnownFileType = text.xml; path = kRemoteCertFileName; sourceTree = "<group>"; };
		949B566A282DFDAB0062F563 /* Szero_AutoModeConfig.txt */ = {isa = PBXFileReference; fileEncoding = 4; lastKnownFileType = text; path = Szero_AutoModeConfig.txt; sourceTree = "<group>"; };
		949B566D282E56550062F563 /* index.html */ = {isa = PBXFileReference; fileEncoding = 4; lastKnownFileType = text.html; path = index.html; sourceTree = "<group>"; };
		949B566E282E56550062F563 /* index.css */ = {isa = PBXFileReference; fileEncoding = 4; lastKnownFileType = text.css; path = index.css; sourceTree = "<group>"; };
		949B5670282E56550062F563 /* btn.png */ = {isa = PBXFileReference; lastKnownFileType = image.png; path = btn.png; sourceTree = "<group>"; };
		949B5671282E56550062F563 /* logo.png */ = {isa = PBXFileReference; lastKnownFileType = image.png; path = logo.png; sourceTree = "<group>"; };
		949B5672282E56550062F563 /* bg1.png */ = {isa = PBXFileReference; lastKnownFileType = image.png; path = bg1.png; sourceTree = "<group>"; };
		949B5673282E56550062F563 /* bg2.png */ = {isa = PBXFileReference; lastKnownFileType = image.png; path = bg2.png; sourceTree = "<group>"; };
		949B5674282E56550062F563 /* Service.html */ = {isa = PBXFileReference; fileEncoding = 4; lastKnownFileType = text.html; path = Service.html; sourceTree = "<group>"; };
		949B5675282E56550062F563 /* Privacy.html */ = {isa = PBXFileReference; fileEncoding = 4; lastKnownFileType = text.html; path = Privacy.html; sourceTree = "<group>"; };
		949B567E282E57480062F563 /* FirstPrivacy.html */ = {isa = PBXFileReference; fileEncoding = 4; lastKnownFileType = text.html; path = FirstPrivacy.html; sourceTree = "<group>"; };
		949B5680282E58B90062F563 /* Sport_PrivacyViewController.h */ = {isa = PBXFileReference; fileEncoding = 4; lastKnownFileType = sourcecode.c.h; path = Sport_PrivacyViewController.h; sourceTree = "<group>"; };
		949B5681282E58B90062F563 /* Sport_PrivacyViewController.m */ = {isa = PBXFileReference; fileEncoding = 4; lastKnownFileType = sourcecode.c.objc; path = Sport_PrivacyViewController.m; sourceTree = "<group>"; };
		94A992AC280FEE5900F3E521 /* szeroqr.app */ = {isa = PBXFileReference; explicitFileType = wrapper.application; includeInIndex = 0; path = szeroqr.app; sourceTree = BUILT_PRODUCTS_DIR; };
		94A992AF280FEE5900F3E521 /* AppDelegate.h */ = {isa = PBXFileReference; lastKnownFileType = sourcecode.c.h; path = AppDelegate.h; sourceTree = "<group>"; };
		94A992B0280FEE5900F3E521 /* AppDelegate.m */ = {isa = PBXFileReference; lastKnownFileType = sourcecode.c.objc; path = AppDelegate.m; sourceTree = "<group>"; };
		94A992B9280FEE5900F3E521 /* Base */ = {isa = PBXFileReference; lastKnownFileType = file.storyboard; name = Base; path = Base.lproj/Main.storyboard; sourceTree = "<group>"; };
		94A992BB280FEE5900F3E521 /* Assets.xcassets */ = {isa = PBXFileReference; lastKnownFileType = folder.assetcatalog; path = Assets.xcassets; sourceTree = "<group>"; };
		94A992BE280FEE5900F3E521 /* Base */ = {isa = PBXFileReference; lastKnownFileType = file.storyboard; name = Base; path = Base.lproj/LaunchScreen.storyboard; sourceTree = "<group>"; };
		94A992C0280FEE5900F3E521 /* Info.plist */ = {isa = PBXFileReference; lastKnownFileType = text.plist.xml; path = Info.plist; sourceTree = "<group>"; };
		94A992C1280FEE5900F3E521 /* main.m */ = {isa = PBXFileReference; lastKnownFileType = sourcecode.c.objc; path = main.m; sourceTree = "<group>"; };
		94A992CD2810073700F3E521 /* Szero_ScanViewController.h */ = {isa = PBXFileReference; lastKnownFileType = sourcecode.c.h; path = Szero_ScanViewController.h; sourceTree = "<group>"; };
		94A992CE2810073700F3E521 /* Szero_ScanViewController.m */ = {isa = PBXFileReference; lastKnownFileType = sourcecode.c.objc; path = Szero_ScanViewController.m; sourceTree = "<group>"; };
		94A992D82811066A00F3E521 /* PrefixHeader.pch */ = {isa = PBXFileReference; lastKnownFileType = sourcecode.c.h; path = PrefixHeader.pch; sourceTree = "<group>"; };
		94A992DC2811080700F3E521 /* Szero_MineViewController.h */ = {isa = PBXFileReference; lastKnownFileType = sourcecode.c.h; path = Szero_MineViewController.h; sourceTree = "<group>"; };
		94A992DD2811080700F3E521 /* Szero_MineViewController.m */ = {isa = PBXFileReference; lastKnownFileType = sourcecode.c.objc; path = Szero_MineViewController.m; sourceTree = "<group>"; };
		94A992DF281108E300F3E521 /* Szero_HistoryViewController.h */ = {isa = PBXFileReference; lastKnownFileType = sourcecode.c.h; path = Szero_HistoryViewController.h; sourceTree = "<group>"; };
		94A992E0281108E300F3E521 /* Szero_HistoryViewController.m */ = {isa = PBXFileReference; lastKnownFileType = sourcecode.c.objc; path = Szero_HistoryViewController.m; sourceTree = "<group>"; };
		94A992E22811279A00F3E521 /* Szero_CreatViewController.h */ = {isa = PBXFileReference; lastKnownFileType = sourcecode.c.h; path = Szero_CreatViewController.h; sourceTree = "<group>"; };
		94A992E32811279A00F3E521 /* Szero_CreatViewController.m */ = {isa = PBXFileReference; lastKnownFileType = sourcecode.c.objc; path = Szero_CreatViewController.m; sourceTree = "<group>"; };
		94A992E8281139CB00F3E521 /* Szero_BaseNavController.m */ = {isa = PBXFileReference; fileEncoding = 4; lastKnownFileType = sourcecode.c.objc; path = Szero_BaseNavController.m; sourceTree = "<group>"; };
		94A992E9281139CB00F3E521 /* Szero_BaseViewController.h */ = {isa = PBXFileReference; fileEncoding = 4; lastKnownFileType = sourcecode.c.h; path = Szero_BaseViewController.h; sourceTree = "<group>"; };
		94A992EA281139CB00F3E521 /* Szero_BaseNavController.h */ = {isa = PBXFileReference; fileEncoding = 4; lastKnownFileType = sourcecode.c.h; path = Szero_BaseNavController.h; sourceTree = "<group>"; };
		94A992EB281139CB00F3E521 /* Szero_BaseViewController.m */ = {isa = PBXFileReference; fileEncoding = 4; lastKnownFileType = sourcecode.c.objc; path = Szero_BaseViewController.m; sourceTree = "<group>"; };
		94A992F128113A5B00F3E521 /* NSObject+TopViewController.m */ = {isa = PBXFileReference; fileEncoding = 4; lastKnownFileType = sourcecode.c.objc; path = "NSObject+TopViewController.m"; sourceTree = "<group>"; };
		94A992F228113A5B00F3E521 /* NSObject+TopViewController.h */ = {isa = PBXFileReference; fileEncoding = 4; lastKnownFileType = sourcecode.c.h; path = "NSObject+TopViewController.h"; sourceTree = "<group>"; };
		94A992F728113B3E00F3E521 /* Szero_Contants.h */ = {isa = PBXFileReference; lastKnownFileType = sourcecode.c.h; path = Szero_Contants.h; sourceTree = "<group>"; };
		94A992F92811406300F3E521 /* Szero_LaunchController.h */ = {isa = PBXFileReference; lastKnownFileType = sourcecode.c.h; path = Szero_LaunchController.h; sourceTree = "<group>"; };
		94A992FA2811406300F3E521 /* Szero_LaunchController.m */ = {isa = PBXFileReference; lastKnownFileType = sourcecode.c.objc; path = Szero_LaunchController.m; sourceTree = "<group>"; };
		94A992FD281146DD00F3E521 /* Szero_TextField.h */ = {isa = PBXFileReference; fileEncoding = 4; lastKnownFileType = sourcecode.c.h; path = Szero_TextField.h; sourceTree = "<group>"; };
		94A992FE281146DD00F3E521 /* Szero_FolderViewCell.h */ = {isa = PBXFileReference; fileEncoding = 4; lastKnownFileType = sourcecode.c.h; path = Szero_FolderViewCell.h; sourceTree = "<group>"; };
		94A992FF281146DD00F3E521 /* Szero_FolderViewCell.m */ = {isa = PBXFileReference; fileEncoding = 4; lastKnownFileType = sourcecode.c.objc; path = Szero_FolderViewCell.m; sourceTree = "<group>"; };
		94A99300281146DD00F3E521 /* Szero_TextView.h */ = {isa = PBXFileReference; fileEncoding = 4; lastKnownFileType = sourcecode.c.h; path = Szero_TextView.h; sourceTree = "<group>"; };
		94A99301281146DD00F3E521 /* Szero_TextView.m */ = {isa = PBXFileReference; fileEncoding = 4; lastKnownFileType = sourcecode.c.objc; path = Szero_TextView.m; sourceTree = "<group>"; };
		94A99302281146DD00F3E521 /* Szero_TextField.m */ = {isa = PBXFileReference; fileEncoding = 4; lastKnownFileType = sourcecode.c.objc; path = Szero_TextField.m; sourceTree = "<group>"; };
		94A993072811556D00F3E521 /* Szero_HistoryCellView.h */ = {isa = PBXFileReference; lastKnownFileType = sourcecode.c.h; path = Szero_HistoryCellView.h; sourceTree = "<group>"; };
		94A993082811556D00F3E521 /* Szero_HistoryCellView.m */ = {isa = PBXFileReference; lastKnownFileType = sourcecode.c.objc; path = Szero_HistoryCellView.m; sourceTree = "<group>"; };
		94A9930A28127CD200F3E521 /* Szero_CreatResultController.h */ = {isa = PBXFileReference; lastKnownFileType = sourcecode.c.h; path = Szero_CreatResultController.h; sourceTree = "<group>"; };
		94A9930B28127CD200F3E521 /* Szero_CreatResultController.m */ = {isa = PBXFileReference; lastKnownFileType = sourcecode.c.objc; path = Szero_CreatResultController.m; sourceTree = "<group>"; };
		94A9930D2812913200F3E521 /* Szero_ScanResultController.h */ = {isa = PBXFileReference; lastKnownFileType = sourcecode.c.h; path = Szero_ScanResultController.h; sourceTree = "<group>"; };
		94A9930E2812913200F3E521 /* Szero_ScanResultController.m */ = {isa = PBXFileReference; lastKnownFileType = sourcecode.c.objc; path = Szero_ScanResultController.m; sourceTree = "<group>"; };
		94A993112812AD0800F3E521 /* SettingViewCell.h */ = {isa = PBXFileReference; lastKnownFileType = sourcecode.c.h; path = SettingViewCell.h; sourceTree = "<group>"; };
		94A993122812AD0800F3E521 /* SettingViewCell.m */ = {isa = PBXFileReference; lastKnownFileType = sourcecode.c.objc; path = SettingViewCell.m; sourceTree = "<group>"; };
		94BB4B2628759A2800F91A06 /* GoogleService-Info.plist */ = {isa = PBXFileReference; fileEncoding = 4; lastKnownFileType = text.plist.xml; path = "GoogleService-Info.plist"; sourceTree = "<group>"; };
		94BB4B292876BDF600F91A06 /* ADConfigModel.h */ = {isa = PBXFileReference; fileEncoding = 4; lastKnownFileType = sourcecode.c.h; path = ADConfigModel.h; sourceTree = "<group>"; };
		94BB4B2A2876BDF600F91A06 /* ADConfigManage.m */ = {isa = PBXFileReference; fileEncoding = 4; lastKnownFileType = sourcecode.c.objc; path = ADConfigManage.m; sourceTree = "<group>"; };
		94BB4B2B2876BDF600F91A06 /* ADConfigSetting.m */ = {isa = PBXFileReference; fileEncoding = 4; lastKnownFileType = sourcecode.c.objc; path = ADConfigSetting.m; sourceTree = "<group>"; };
		94BB4B2C2876BDF600F91A06 /* ADConfigManage.h */ = {isa = PBXFileReference; fileEncoding = 4; lastKnownFileType = sourcecode.c.h; path = ADConfigManage.h; sourceTree = "<group>"; };
		94BB4B2D2876BDF600F91A06 /* ADConfigModel.m */ = {isa = PBXFileReference; fileEncoding = 4; lastKnownFileType = sourcecode.c.objc; path = ADConfigModel.m; sourceTree = "<group>"; };
		94BB4B2E2876BDF600F91A06 /* ADConfigSetting.h */ = {isa = PBXFileReference; fileEncoding = 4; lastKnownFileType = sourcecode.c.h; path = ADConfigSetting.h; sourceTree = "<group>"; };
		94BB4B32287814B500F91A06 /* UnifiedNativeAdView.xib */ = {isa = PBXFileReference; fileEncoding = 4; lastKnownFileType = file.xib; path = UnifiedNativeAdView.xib; sourceTree = "<group>"; };
		94BB4B35287BFA8600F91A06 /* 常规使用.rtfd */ = {isa = PBXFileReference; lastKnownFileType = wrapper.rtfd; path = "常规使用.rtfd"; sourceTree = "<group>"; };
		94BB4B36287BFA8600F91A06 /* UIView+Border.m */ = {isa = PBXFileReference; fileEncoding = 4; lastKnownFileType = sourcecode.c.objc; path = "UIView+Border.m"; sourceTree = "<group>"; };
		94BB4B37287BFA8600F91A06 /* XKCrashRecord.h */ = {isa = PBXFileReference; fileEncoding = 4; lastKnownFileType = sourcecode.c.h; path = XKCrashRecord.h; sourceTree = "<group>"; };
		94BB4B38287BFA8600F91A06 /* XKAlertUtil.m */ = {isa = PBXFileReference; fileEncoding = 4; lastKnownFileType = sourcecode.c.objc; path = XKAlertUtil.m; sourceTree = "<group>"; };
		94BB4B39287BFA8600F91A06 /* XKConsoleBoard.m */ = {isa = PBXFileReference; fileEncoding = 4; lastKnownFileType = sourcecode.c.objc; path = XKConsoleBoard.m; sourceTree = "<group>"; };
		94BB4B3A287BFA8600F91A06 /* XKDeviceDataLibrery.h */ = {isa = PBXFileReference; fileEncoding = 4; lastKnownFileType = sourcecode.c.h; path = XKDeviceDataLibrery.h; sourceTree = "<group>"; };
		94BB4B3B287BFA8600F91A06 /* XKCrashRecord.m */ = {isa = PBXFileReference; fileEncoding = 4; lastKnownFileType = sourcecode.c.objc; path = XKCrashRecord.m; sourceTree = "<group>"; };
		94BB4B3C287BFA8600F91A06 /* UIView+Border.h */ = {isa = PBXFileReference; fileEncoding = 4; lastKnownFileType = sourcecode.c.h; path = "UIView+Border.h"; sourceTree = "<group>"; };
		94BB4B3D287BFA8600F91A06 /* XKAlertUtil.h */ = {isa = PBXFileReference; fileEncoding = 4; lastKnownFileType = sourcecode.c.h; path = XKAlertUtil.h; sourceTree = "<group>"; };
		94BB4B3E287BFA8600F91A06 /* XKDeviceDataLibrery.m */ = {isa = PBXFileReference; fileEncoding = 4; lastKnownFileType = sourcecode.c.objc; path = XKDeviceDataLibrery.m; sourceTree = "<group>"; };
		94BB4B3F287BFA8600F91A06 /* XKConsoleBoard.h */ = {isa = PBXFileReference; fileEncoding = 4; lastKnownFileType = sourcecode.c.h; path = XKConsoleBoard.h; sourceTree = "<group>"; };
		94BE9308283CD85300DE0685 /* Szero_BaseTabController.m */ = {isa = PBXFileReference; fileEncoding = 4; lastKnownFileType = sourcecode.c.objc; path = Szero_BaseTabController.m; sourceTree = "<group>"; };
		94BE9309283CD85400DE0685 /* Szero_BaseTabController.h */ = {isa = PBXFileReference; fileEncoding = 4; lastKnownFileType = sourcecode.c.h; path = Szero_BaseTabController.h; sourceTree = "<group>"; };
		94BE930B283CE52E00DE0685 /* SOneVPTool.m */ = {isa = PBXFileReference; fileEncoding = 4; lastKnownFileType = sourcecode.c.objc; path = SOneVPTool.m; sourceTree = "<group>"; };
		94BE930C283CE52E00DE0685 /* SOneVPTool.h */ = {isa = PBXFileReference; fileEncoding = 4; lastKnownFileType = sourcecode.c.h; path = SOneVPTool.h; sourceTree = "<group>"; };
		94BE930E283CE56500DE0685 /* NSString+SOneExtension.h */ = {isa = PBXFileReference; fileEncoding = 4; lastKnownFileType = sourcecode.c.h; path = "NSString+SOneExtension.h"; sourceTree = "<group>"; };
		94BE930F283CE56500DE0685 /* NSString+SOneExtension.m */ = {isa = PBXFileReference; fileEncoding = 4; lastKnownFileType = sourcecode.c.objc; path = "NSString+SOneExtension.m"; sourceTree = "<group>"; };
		94C260F728151A9A0075B013 /* Szero_AboutViewController.h */ = {isa = PBXFileReference; lastKnownFileType = sourcecode.c.h; path = Szero_AboutViewController.h; sourceTree = "<group>"; };
		94C260F828151A9A0075B013 /* Szero_AboutViewController.m */ = {isa = PBXFileReference; lastKnownFileType = sourcecode.c.objc; path = Szero_AboutViewController.m; sourceTree = "<group>"; };
		94C260FA281520980075B013 /* Szero_RateView.h */ = {isa = PBXFileReference; lastKnownFileType = sourcecode.c.h; path = Szero_RateView.h; sourceTree = "<group>"; };
		94C260FB281520980075B013 /* Szero_RateView.m */ = {isa = PBXFileReference; lastKnownFileType = sourcecode.c.objc; path = Szero_RateView.m; sourceTree = "<group>"; };
		94C260FD28153EF20075B013 /* Szero_ClearCacheView.h */ = {isa = PBXFileReference; lastKnownFileType = sourcecode.c.h; path = Szero_ClearCacheView.h; sourceTree = "<group>"; };
		94C260FE28153EF20075B013 /* Szero_ClearCacheView.m */ = {isa = PBXFileReference; lastKnownFileType = sourcecode.c.objc; path = Szero_ClearCacheView.m; sourceTree = "<group>"; };
		94C26105281558D20075B013 /* Szero_GlobalMananger.m */ = {isa = PBXFileReference; fileEncoding = 4; lastKnownFileType = sourcecode.c.objc; path = Szero_GlobalMananger.m; sourceTree = "<group>"; };
		94C26106281558D20075B013 /* Szero_GlobalMananger.h */ = {isa = PBXFileReference; fileEncoding = 4; lastKnownFileType = sourcecode.c.h; path = Szero_GlobalMananger.h; sourceTree = "<group>"; };
		94C26108281559160075B013 /* Szero_QRManager.h */ = {isa = PBXFileReference; fileEncoding = 4; lastKnownFileType = sourcecode.c.h; path = Szero_QRManager.h; sourceTree = "<group>"; };
		94C26109281559160075B013 /* Szero_QRManager.m */ = {isa = PBXFileReference; fileEncoding = 4; lastKnownFileType = sourcecode.c.objc; path = Szero_QRManager.m; sourceTree = "<group>"; };
		94C2610B281559280075B013 /* Szero_CardModel.m */ = {isa = PBXFileReference; fileEncoding = 4; lastKnownFileType = sourcecode.c.objc; path = Szero_CardModel.m; sourceTree = "<group>"; };
		94C2610C281559280075B013 /* Szero_CardModel.h */ = {isa = PBXFileReference; fileEncoding = 4; lastKnownFileType = sourcecode.c.h; path = Szero_CardModel.h; sourceTree = "<group>"; };
		94C2610F2815595C0075B013 /* NSDate+Helper.m */ = {isa = PBXFileReference; fileEncoding = 4; lastKnownFileType = sourcecode.c.objc; path = "NSDate+Helper.m"; sourceTree = "<group>"; };
		94C261112815595C0075B013 /* NSDate+Helper.h */ = {isa = PBXFileReference; fileEncoding = 4; lastKnownFileType = sourcecode.c.h; path = "NSDate+Helper.h"; sourceTree = "<group>"; };
		94C2611828156BCB0075B013 /* SportAppConfig.m */ = {isa = PBXFileReference; fileEncoding = 4; lastKnownFileType = sourcecode.c.objc; path = SportAppConfig.m; sourceTree = "<group>"; };
		94C2611928156BCB0075B013 /* SportAppConfig.h */ = {isa = PBXFileReference; fileEncoding = 4; lastKnownFileType = sourcecode.c.h; path = SportAppConfig.h; sourceTree = "<group>"; };
		94C2611C28163CA10075B013 /* start.json */ = {isa = PBXFileReference; fileEncoding = 4; lastKnownFileType = text.json; path = start.json; sourceTree = "<group>"; };
		94C2611D28163CA10075B013 /* connect.json */ = {isa = PBXFileReference; fileEncoding = 4; lastKnownFileType = text.json; path = connect.json; sourceTree = "<group>"; };
		94C2612E2816CA7E0075B013 /* Szero_GlobalConfigModel.m */ = {isa = PBXFileReference; fileEncoding = 4; lastKnownFileType = sourcecode.c.objc; path = Szero_GlobalConfigModel.m; sourceTree = "<group>"; };
		94C261302816CA7E0075B013 /* Szero_GlobalConfigModel.h */ = {isa = PBXFileReference; fileEncoding = 4; lastKnownFileType = sourcecode.c.h; path = Szero_GlobalConfigModel.h; sourceTree = "<group>"; };
		94C2613628179D190075B013 /* SelectNavgidueView.h */ = {isa = PBXFileReference; lastKnownFileType = sourcecode.c.h; path = SelectNavgidueView.h; sourceTree = "<group>"; };
		94C2613728179D190075B013 /* SelectNavgidueView.m */ = {isa = PBXFileReference; lastKnownFileType = sourcecode.c.objc; path = SelectNavgidueView.m; sourceTree = "<group>"; };
		94C261392817DF070075B013 /* Szero_EditQRController.h */ = {isa = PBXFileReference; lastKnownFileType = sourcecode.c.h; path = Szero_EditQRController.h; sourceTree = "<group>"; };
		94C2613A2817DF070075B013 /* Szero_EditQRController.m */ = {isa = PBXFileReference; lastKnownFileType = sourcecode.c.objc; path = Szero_EditQRController.m; sourceTree = "<group>"; };
		94C2613C2817F9920075B013 /* Szero_CreatUrlCell.h */ = {isa = PBXFileReference; lastKnownFileType = sourcecode.c.h; path = Szero_CreatUrlCell.h; sourceTree = "<group>"; };
		94C2613D2817F9920075B013 /* Szero_CreatUrlCell.m */ = {isa = PBXFileReference; lastKnownFileType = sourcecode.c.objc; path = Szero_CreatUrlCell.m; sourceTree = "<group>"; };
		94F85987283399A50028AA3D /* default_serverList.txt */ = {isa = PBXFileReference; fileEncoding = 4; lastKnownFileType = text; path = default_serverList.txt; sourceTree = "<group>"; };
		D88FFEB34A023A0B4A0E12ED /* Pods_szeroqr.framework */ = {isa = PBXFileReference; explicitFileType = wrapper.framework; includeInIndex = 0; path = Pods_szeroqr.framework; sourceTree = BUILT_PRODUCTS_DIR; };
/* End PBXFileReference section */

/* Begin PBXFrameworksBuildPhase section */
		94A992A9280FEE5900F3E521 /* Frameworks */ = {
			isa = PBXFrameworksBuildPhase;
			buildActionMask = 2147483647;
			files = (
				F69862EB9F892740D82FFB73 /* Pods_szeroqr.framework in Frameworks */,
				949B565F282BB93B0062F563 /* NetworkExtension.framework in Frameworks */,
			);
			runOnlyForDeploymentPostprocessing = 0;
		};
/* End PBXFrameworksBuildPhase section */

/* Begin PBXGroup section */
		35E0D1B74C9ECE8742F6A0A2 /* Frameworks */ = {
			isa = PBXGroup;
			children = (
				D88FFEB34A023A0B4A0E12ED /* Pods_szeroqr.framework */,
				949B564F282BB90C0062F563 /* NetworkExtension.framework */,
				9440D78A41E17EFAE4DBDF80 /* Pods_PacketTunnel.framework */,
			);
			name = Frameworks;
			sourceTree = "<group>";
		};
		949B560E282BB38E0062F563 /* Szero_net */ = {
			isa = PBXGroup;
			children = (
				949B5610282BB38E0062F563 /* XCClient.h */,
				949B5613282BB38E0062F563 /* XCClient.m */,
				949B5611282BB38E0062F563 /* Szero_HomeAdapter.h */,
				949B5614282BB38E0062F563 /* Szero_HomeAdapter.m */,
				949B560F282BB38E0062F563 /* Szero_AESencrytDecrypt.h */,
				949B5612282BB38E0062F563 /* Szero_AESencrytDecrypt.m */,
			);
			path = Szero_net;
			sourceTree = "<group>";
		};
		949B5651282BB90C0062F563 /* PacketTunnel */ = {
			isa = PBXGroup;
			children = (
				949B5663282BC0120062F563 /* SOneLog.h */,
				949B5664282BC0280062F563 /* PacketTunnel_VPMacro.h */,
				949B5652282BB90C0062F563 /* PacketTunnelProvider.h */,
				949B5653282BB90C0062F563 /* PacketTunnelProvider.m */,
				949B5655282BB90C0062F563 /* Info.plist */,
				949B5656282BB90C0062F563 /* PacketTunnel.entitlements */,
			);
			path = PacketTunnel;
			sourceTree = "<group>";
		};
		949B566C282E56550062F563 /* Szero-domain */ = {
			isa = PBXGroup;
			children = (
				949B566D282E56550062F563 /* index.html */,
				949B566E282E56550062F563 /* index.css */,
				949B566F282E56550062F563 /* img */,
				949B5674282E56550062F563 /* Service.html */,
				949B5675282E56550062F563 /* Privacy.html */,
				949B567E282E57480062F563 /* FirstPrivacy.html */,
			);
			path = "Szero-domain";
			sourceTree = "<group>";
		};
		949B566F282E56550062F563 /* img */ = {
			isa = PBXGroup;
			children = (
				949B5670282E56550062F563 /* btn.png */,
				949B5671282E56550062F563 /* logo.png */,
				949B5672282E56550062F563 /* bg1.png */,
				949B5673282E56550062F563 /* bg2.png */,
			);
			path = img;
			sourceTree = "<group>";
		};
		94A992A3280FEE5900F3E521 = {
			isa = PBXGroup;
			children = (
				94C2611B28163C900075B013 /* datasource */,
				94A992EE28113A4700F3E521 /* CommonKit */,
				94A992AE280FEE5900F3E521 /* szeroqr */,
				949B5651282BB90C0062F563 /* PacketTunnel */,
				94A992AD280FEE5900F3E521 /* Products */,
				C384495B079138BB7E76EBB9 /* Pods */,
				35E0D1B74C9ECE8742F6A0A2 /* Frameworks */,
			);
			sourceTree = "<group>";
		};
		94A992AD280FEE5900F3E521 /* Products */ = {
			isa = PBXGroup;
			children = (
				94A992AC280FEE5900F3E521 /* szeroqr.app */,
			);
			name = Products;
			sourceTree = "<group>";
		};
		94A992AE280FEE5900F3E521 /* szeroqr */ = {
			isa = PBXGroup;
			children = (
				949B565E282BB9200062F563 /* szeroqr.entitlements */,
				94A992F828113FE800F3E521 /* Szero_launch */,
				94A992D0281105D300F3E521 /* base */,
				94A992CC281006C100F3E521 /* setting */,
				94A992CA281006B200F3E521 /* scan */,
				94A992C9281006A900F3E521 /* history */,
				94A992C82810069E00F3E521 /* creat */,
				94A992AF280FEE5900F3E521 /* AppDelegate.h */,
				94A992B0280FEE5900F3E521 /* AppDelegate.m */,
				94A992D82811066A00F3E521 /* PrefixHeader.pch */,
				94A992B8280FEE5900F3E521 /* Main.storyboard */,
				94A992BB280FEE5900F3E521 /* Assets.xcassets */,
				94A992BD280FEE5900F3E521 /* LaunchScreen.storyboard */,
				94A992C0280FEE5900F3E521 /* Info.plist */,
				94A992C1280FEE5900F3E521 /* main.m */,
				94BB4B2628759A2800F91A06 /* GoogleService-Info.plist */,
			);
			path = szeroqr;
			sourceTree = "<group>";
		};
		94A992C82810069E00F3E521 /* creat */ = {
			isa = PBXGroup;
			children = (
				94A992FC281145FB00F3E521 /* view */,
				94A992E22811279A00F3E521 /* Szero_CreatViewController.h */,
				94A992E32811279A00F3E521 /* Szero_CreatViewController.m */,
				94C261392817DF070075B013 /* Szero_EditQRController.h */,
				94C2613A2817DF070075B013 /* Szero_EditQRController.m */,
				94A9930A28127CD200F3E521 /* Szero_CreatResultController.h */,
				94A9930B28127CD200F3E521 /* Szero_CreatResultController.m */,
			);
			path = creat;
			sourceTree = "<group>";
		};
		94A992C9281006A900F3E521 /* history */ = {
			isa = PBXGroup;
			children = (
				94A993062811544E00F3E521 /* view */,
				94A992DF281108E300F3E521 /* Szero_HistoryViewController.h */,
				94A992E0281108E300F3E521 /* Szero_HistoryViewController.m */,
			);
			path = history;
			sourceTree = "<group>";
		};
		94A992CA281006B200F3E521 /* scan */ = {
			isa = PBXGroup;
			children = (
				94A992CD2810073700F3E521 /* Szero_ScanViewController.h */,
				94A992CE2810073700F3E521 /* Szero_ScanViewController.m */,
				94A9930D2812913200F3E521 /* Szero_ScanResultController.h */,
				94A9930E2812913200F3E521 /* Szero_ScanResultController.m */,
			);
			path = scan;
			sourceTree = "<group>";
		};
		94A992CC281006C100F3E521 /* setting */ = {
			isa = PBXGroup;
			children = (
				94A9931028129C3A00F3E521 /* view */,
				94A992DC2811080700F3E521 /* Szero_MineViewController.h */,
				94A992DD2811080700F3E521 /* Szero_MineViewController.m */,
				94C260F728151A9A0075B013 /* Szero_AboutViewController.h */,
				94C260F828151A9A0075B013 /* Szero_AboutViewController.m */,
			);
			path = setting;
			sourceTree = "<group>";
		};
		94A992D0281105D300F3E521 /* base */ = {
			isa = PBXGroup;
			children = (
				949B560B282B5BEF0062F563 /* Szero_WebViewController.h */,
				949B560C282B5BF40062F563 /* Szero_WebViewController.m */,
				94A992EA281139CB00F3E521 /* Szero_BaseNavController.h */,
				94A992E8281139CB00F3E521 /* Szero_BaseNavController.m */,
				94A992E9281139CB00F3E521 /* Szero_BaseViewController.h */,
				94A992EB281139CB00F3E521 /* Szero_BaseViewController.m */,
				94BE9309283CD85400DE0685 /* Szero_BaseTabController.h */,
				94BE9308283CD85300DE0685 /* Szero_BaseTabController.m */,
			);
			path = base;
			sourceTree = "<group>";
		};
		94A992EE28113A4700F3E521 /* CommonKit */ = {
			isa = PBXGroup;
			children = (
				94BB4B34287BFA8600F91A06 /* XKConsoleBoard */,
				94BB4B282876BDF600F91A06 /* Szero_Ad */,
				949B560E282BB38E0062F563 /* Szero_net */,
				94C2612C2816CA7E0075B013 /* Szero_model */,
				94C2610E2815593E0075B013 /* Szero_pingHelp */,
				94C26104281558AD0075B013 /* Szero_toolManager */,
				94A992F628113AF800F3E521 /* Szero_define */,
				94A992EF28113A5B00F3E521 /* Szero_category */,
			);
			path = CommonKit;
			sourceTree = "<group>";
		};
		94A992EF28113A5B00F3E521 /* Szero_category */ = {
			isa = PBXGroup;
			children = (
				94A992F228113A5B00F3E521 /* NSObject+TopViewController.h */,
				94A992F128113A5B00F3E521 /* NSObject+TopViewController.m */,
			);
			path = Szero_category;
			sourceTree = "<group>";
		};
		94A992F628113AF800F3E521 /* Szero_define */ = {
			isa = PBXGroup;
			children = (
				94A992F728113B3E00F3E521 /* Szero_Contants.h */,
			);
			path = Szero_define;
			sourceTree = "<group>";
		};
		94A992F828113FE800F3E521 /* Szero_launch */ = {
			isa = PBXGroup;
			children = (
				94A992F92811406300F3E521 /* Szero_LaunchController.h */,
				94A992FA2811406300F3E521 /* Szero_LaunchController.m */,
				949B5680282E58B90062F563 /* Sport_PrivacyViewController.h */,
				949B5681282E58B90062F563 /* Sport_PrivacyViewController.m */,
			);
			path = Szero_launch;
			sourceTree = "<group>";
		};
		94A992FC281145FB00F3E521 /* view */ = {
			isa = PBXGroup;
			children = (
				94A992FE281146DD00F3E521 /* Szero_FolderViewCell.h */,
				94A992FF281146DD00F3E521 /* Szero_FolderViewCell.m */,
				94A992FD281146DD00F3E521 /* Szero_TextField.h */,
				94A99302281146DD00F3E521 /* Szero_TextField.m */,
				94A99300281146DD00F3E521 /* Szero_TextView.h */,
				94A99301281146DD00F3E521 /* Szero_TextView.m */,
				94C2613C2817F9920075B013 /* Szero_CreatUrlCell.h */,
				94C2613D2817F9920075B013 /* Szero_CreatUrlCell.m */,
			);
			path = view;
			sourceTree = "<group>";
		};
		94A993062811544E00F3E521 /* view */ = {
			isa = PBXGroup;
			children = (
				94A993072811556D00F3E521 /* Szero_HistoryCellView.h */,
				94A993082811556D00F3E521 /* Szero_HistoryCellView.m */,
				94C2613628179D190075B013 /* SelectNavgidueView.h */,
				94C2613728179D190075B013 /* SelectNavgidueView.m */,
			);
			path = view;
			sourceTree = "<group>";
		};
		94A9931028129C3A00F3E521 /* view */ = {
			isa = PBXGroup;
			children = (
				94A993112812AD0800F3E521 /* SettingViewCell.h */,
				94A993122812AD0800F3E521 /* SettingViewCell.m */,
				94C260FA281520980075B013 /* Szero_RateView.h */,
				94C260FB281520980075B013 /* Szero_RateView.m */,
				94C260FD28153EF20075B013 /* Szero_ClearCacheView.h */,
				94C260FE28153EF20075B013 /* Szero_ClearCacheView.m */,
			);
			path = view;
			sourceTree = "<group>";
		};
		94BB4B282876BDF600F91A06 /* Szero_Ad */ = {
			isa = PBXGroup;
			children = (
				94BB4B32287814B500F91A06 /* UnifiedNativeAdView.xib */,
				94BB4B292876BDF600F91A06 /* ADConfigModel.h */,
				94BB4B2D2876BDF600F91A06 /* ADConfigModel.m */,
				94BB4B2C2876BDF600F91A06 /* ADConfigManage.h */,
				94BB4B2A2876BDF600F91A06 /* ADConfigManage.m */,
				94BB4B2E2876BDF600F91A06 /* ADConfigSetting.h */,
				94BB4B2B2876BDF600F91A06 /* ADConfigSetting.m */,
			);
			path = Szero_Ad;
			sourceTree = "<group>";
		};
		94BB4B34287BFA8600F91A06 /* XKConsoleBoard */ = {
			isa = PBXGroup;
			children = (
				94BB4B35287BFA8600F91A06 /* 常规使用.rtfd */,
				94BB4B36287BFA8600F91A06 /* UIView+Border.m */,
				94BB4B37287BFA8600F91A06 /* XKCrashRecord.h */,
				94BB4B38287BFA8600F91A06 /* XKAlertUtil.m */,
				94BB4B39287BFA8600F91A06 /* XKConsoleBoard.m */,
				94BB4B3A287BFA8600F91A06 /* XKDeviceDataLibrery.h */,
				94BB4B3B287BFA8600F91A06 /* XKCrashRecord.m */,
				94BB4B3C287BFA8600F91A06 /* UIView+Border.h */,
				94BB4B3D287BFA8600F91A06 /* XKAlertUtil.h */,
				94BB4B3E287BFA8600F91A06 /* XKDeviceDataLibrery.m */,
				94BB4B3F287BFA8600F91A06 /* XKConsoleBoard.h */,
			);
			path = XKConsoleBoard;
			sourceTree = "<group>";
		};
		94C26104281558AD0075B013 /* Szero_toolManager */ = {
			isa = PBXGroup;
			children = (
				94C2610C281559280075B013 /* Szero_CardModel.h */,
				94C2610B281559280075B013 /* Szero_CardModel.m */,
				94C26108281559160075B013 /* Szero_QRManager.h */,
				94C26109281559160075B013 /* Szero_QRManager.m */,
				94C26106281558D20075B013 /* Szero_GlobalMananger.h */,
				94C26105281558D20075B013 /* Szero_GlobalMananger.m */,
				94C2611928156BCB0075B013 /* SportAppConfig.h */,
				94C2611828156BCB0075B013 /* SportAppConfig.m */,
			);
			path = Szero_toolManager;
			sourceTree = "<group>";
		};
		94C2610E2815593E0075B013 /* Szero_pingHelp */ = {
			isa = PBXGroup;
			children = (
				94C261112815595C0075B013 /* NSDate+Helper.h */,
				94C2610F2815595C0075B013 /* NSDate+Helper.m */,
				94BE930C283CE52E00DE0685 /* SOneVPTool.h */,
				94BE930B283CE52E00DE0685 /* SOneVPTool.m */,
				94BE930E283CE56500DE0685 /* NSString+SOneExtension.h */,
				94BE930F283CE56500DE0685 /* NSString+SOneExtension.m */,
			);
			path = Szero_pingHelp;
			sourceTree = "<group>";
		};
		94C2611B28163C900075B013 /* datasource */ = {
			isa = PBXGroup;
			children = (
				94F85987283399A50028AA3D /* default_serverList.txt */,
				94C2611D28163CA10075B013 /* connect.json */,
				94C2611C28163CA10075B013 /* start.json */,
				949B5668282DFD940062F563 /* kRemoteCertFileName */,
				949B566A282DFDAB0062F563 /* Szero_AutoModeConfig.txt */,
				949B566C282E56550062F563 /* Szero-domain */,
			);
			path = datasource;
			sourceTree = "<group>";
		};
		94C2612C2816CA7E0075B013 /* Szero_model */ = {
			isa = PBXGroup;
			children = (
				94C261302816CA7E0075B013 /* Szero_GlobalConfigModel.h */,
				94C2612E2816CA7E0075B013 /* Szero_GlobalConfigModel.m */,
			);
			path = Szero_model;
			sourceTree = "<group>";
		};
		C384495B079138BB7E76EBB9 /* Pods */ = {
			isa = PBXGroup;
			children = (
				8C3566B8BE6E31423275C0CA /* Pods-szeroqr.debug.xcconfig */,
				5B0DA7E52CFB554378F6BD9B /* Pods-szeroqr.release.xcconfig */,
				042FE9A1A449FE656F75BFA5 /* Pods-PacketTunnel.debug.xcconfig */,
				781859DF46F3DD8647A4CF07 /* Pods-PacketTunnel.release.xcconfig */,
			);
			path = Pods;
			sourceTree = "<group>";
		};
/* End PBXGroup section */

/* Begin PBXNativeTarget section */
		94A992AB280FEE5900F3E521 /* szeroqr */ = {
			isa = PBXNativeTarget;
			buildConfigurationList = 94A992C5280FEE5900F3E521 /* Build configuration list for PBXNativeTarget "szeroqr" */;
			buildPhases = (
				E29A0F14BAB13A093071571E /* [CP] Check Pods Manifest.lock */,
				94A992A8280FEE5900F3E521 /* Sources */,
				94A992A9280FEE5900F3E521 /* Frameworks */,
				94A992AA280FEE5900F3E521 /* Resources */,
				ED040F71EB06ABB168137B04 /* [CP] Embed Pods Frameworks */,
				949B565D282BB90C0062F563 /* Embed App Extensions */,
			);
			buildRules = (
			);
			dependencies = (
			);
			name = szeroqr;
			productName = szeroqr;
			productReference = 94A992AC280FEE5900F3E521 /* szeroqr.app */;
			productType = "com.apple.product-type.application";
		};
/* End PBXNativeTarget section */

/* Begin PBXProject section */
		94A992A4280FEE5900F3E521 /* Project object */ = {
			isa = PBXProject;
			attributes = {
				BuildIndependentTargetsInParallel = 1;
				LastUpgradeCheck = 1330;
				TargetAttributes = {
					94A992AB280FEE5900F3E521 = {
						CreatedOnToolsVersion = 13.3.1;
					};
				};
			};
			buildConfigurationList = 94A992A7280FEE5900F3E521 /* Build configuration list for PBXProject "szeroqr" */;
			compatibilityVersion = "Xcode 13.0";
			developmentRegion = en;
			hasScannedForEncodings = 0;
			knownRegions = (
				en,
				Base,
			);
			mainGroup = 94A992A3280FEE5900F3E521;
			productRefGroup = 94A992AD280FEE5900F3E521 /* Products */;
			projectDirPath = "";
			projectRoot = "";
			targets = (
				94A992AB280FEE5900F3E521 /* szeroqr */,
			);
		};
/* End PBXProject section */

/* Begin PBXResourcesBuildPhase section */
		94A992AA280FEE5900F3E521 /* Resources */ = {
			isa = PBXResourcesBuildPhase;
			buildActionMask = 2147483647;
			files = (
				94F85988283399A50028AA3D /* default_serverList.txt in Resources */,
				949B567A282E56550062F563 /* bg1.png in Resources */,
				94C2611E28163CA10075B013 /* start.json in Resources */,
				949B5669282DFD940062F563 /* kRemoteCertFileName in Resources */,
				949B5679282E56550062F563 /* logo.png in Resources */,
				949B5678282E56550062F563 /* btn.png in Resources */,
				94BB4B40287BFA8600F91A06 /* 常规使用.rtfd in Resources */,
				94A992BF280FEE5900F3E521 /* LaunchScreen.storyboard in Resources */,
				949B567B282E56550062F563 /* bg2.png in Resources */,
				949B566B282DFDAB0062F563 /* Szero_AutoModeConfig.txt in Resources */,
				949B567C282E56550062F563 /* Service.html in Resources */,
				949B567D282E56550062F563 /* Privacy.html in Resources */,
				94BB4B2728759A2800F91A06 /* GoogleService-Info.plist in Resources */,
				949B567F282E57480062F563 /* FirstPrivacy.html in Resources */,
				94BB4B33287814B500F91A06 /* UnifiedNativeAdView.xib in Resources */,
				94C2611F28163CA10075B013 /* connect.json in Resources */,
				949B5676282E56550062F563 /* index.html in Resources */,
				94A992BC280FEE5900F3E521 /* Assets.xcassets in Resources */,
				94A992BA280FEE5900F3E521 /* Main.storyboard in Resources */,
				949B5677282E56550062F563 /* index.css in Resources */,
			);
			runOnlyForDeploymentPostprocessing = 0;
		};
/* End PBXResourcesBuildPhase section */

/* Begin PBXShellScriptBuildPhase section */
		E29A0F14BAB13A093071571E /* [CP] Check Pods Manifest.lock */ = {
			isa = PBXShellScriptBuildPhase;
			buildActionMask = 2147483647;
			files = (
			);
			inputFileListPaths = (
			);
			inputPaths = (
				"${PODS_PODFILE_DIR_PATH}/Podfile.lock",
				"${PODS_ROOT}/Manifest.lock",
			);
			name = "[CP] Check Pods Manifest.lock";
			outputFileListPaths = (
			);
			outputPaths = (
				"$(DERIVED_FILE_DIR)/Pods-szeroqr-checkManifestLockResult.txt",
			);
			runOnlyForDeploymentPostprocessing = 0;
			shellPath = /bin/sh;
			shellScript = "diff \"${PODS_PODFILE_DIR_PATH}/Podfile.lock\" \"${PODS_ROOT}/Manifest.lock\" > /dev/null\nif [ $? != 0 ] ; then\n    # print error to STDERR\n    echo \"error: The sandbox is not in sync with the Podfile.lock. Run 'pod install' or update your CocoaPods installation.\" >&2\n    exit 1\nfi\n# This output is used by Xcode 'outputs' to avoid re-running this script phase.\necho \"SUCCESS\" > \"${SCRIPT_OUTPUT_FILE_0}\"\n";
			showEnvVarsInLog = 0;
		};
		ED040F71EB06ABB168137B04 /* [CP] Embed Pods Frameworks */ = {
			isa = PBXShellScriptBuildPhase;
			buildActionMask = 2147483647;
			files = (
			);
			inputFileListPaths = (
				"${PODS_ROOT}/Target Support Files/Pods-szeroqr/Pods-szeroqr-frameworks-${CONFIGURATION}-input-files.xcfilelist",
			);
			name = "[CP] Embed Pods Frameworks";
			outputFileListPaths = (
				"${PODS_ROOT}/Target Support Files/Pods-szeroqr/Pods-szeroqr-frameworks-${CONFIGURATION}-output-files.xcfilelist",
			);
			runOnlyForDeploymentPostprocessing = 0;
			shellPath = /bin/sh;
			shellScript = "\"${PODS_ROOT}/Target Support Files/Pods-szeroqr/Pods-szeroqr-frameworks.sh\"\n";
			showEnvVarsInLog = 0;
		};
/* End PBXShellScriptBuildPhase section */

/* Begin PBXSourcesBuildPhase section */
		94A992A8280FEE5900F3E521 /* Sources */ = {
			isa = PBXSourcesBuildPhase;
			buildActionMask = 2147483647;
			files = (
				94BB4B43287BFA8600F91A06 /* XKConsoleBoard.m in Sources */,
				94A99305281146DD00F3E521 /* Szero_TextField.m in Sources */,
				949B5617282BB38E0062F563 /* Szero_HomeAdapter.m in Sources */,
				949B5616282BB38E0062F563 /* XCClient.m in Sources */,
				94BB4B42287BFA8600F91A06 /* XKAlertUtil.m in Sources */,
				94C2613E2817F9920075B013 /* Szero_CreatUrlCell.m in Sources */,
				94A992EC281139CB00F3E521 /* Szero_BaseNavController.m in Sources */,
				94C2611A28156BCB0075B013 /* SportAppConfig.m in Sources */,
				94A992CF2810073700F3E521 /* Szero_ScanViewController.m in Sources */,
				94BE9310283CE56500DE0685 /* NSString+SOneExtension.m in Sources */,
				94C260F928151A9A0075B013 /* Szero_AboutViewController.m in Sources */,
				94C2610A281559160075B013 /* Szero_QRManager.m in Sources */,
				94C261152815595C0075B013 /* NSDate+Helper.m in Sources */,
				94A992DE2811080700F3E521 /* Szero_MineViewController.m in Sources */,
				94A99304281146DD00F3E521 /* Szero_TextView.m in Sources */,
				94A993092811556D00F3E521 /* Szero_HistoryCellView.m in Sources */,
				94BB4B302876BDF600F91A06 /* ADConfigSetting.m in Sources */,
				94BB4B44287BFA8600F91A06 /* XKCrashRecord.m in Sources */,
				94A992B1280FEE5900F3E521 /* AppDelegate.m in Sources */,
				94BB4B2F2876BDF600F91A06 /* ADConfigManage.m in Sources */,
				94BB4B45287BFA8600F91A06 /* XKDeviceDataLibrery.m in Sources */,
				94A9930C28127CD200F3E521 /* Szero_CreatResultController.m in Sources */,
				94C2613B2817DF070075B013 /* Szero_EditQRController.m in Sources */,
				94A992F528113A5B00F3E521 /* NSObject+TopViewController.m in Sources */,
				949B5615282BB38E0062F563 /* Szero_AESencrytDecrypt.m in Sources */,
				94A992E1281108E300F3E521 /* Szero_HistoryViewController.m in Sources */,
				94C2610D281559280075B013 /* Szero_CardModel.m in Sources */,
				94C2613828179D190075B013 /* SelectNavgidueView.m in Sources */,
				94A992ED281139CB00F3E521 /* Szero_BaseViewController.m in Sources */,
				949B560D282B5BF40062F563 /* Szero_WebViewController.m in Sources */,
				94C26107281558D20075B013 /* Szero_GlobalMananger.m in Sources */,
				94A993132812AD0800F3E521 /* SettingViewCell.m in Sources */,
				94A992C2280FEE5900F3E521 /* main.m in Sources */,
				949B5682282E58B90062F563 /* Sport_PrivacyViewController.m in Sources */,
				94BB4B312876BDF600F91A06 /* ADConfigModel.m in Sources */,
				94A992FB2811406300F3E521 /* Szero_LaunchController.m in Sources */,
				94BE930D283CE52E00DE0685 /* SOneVPTool.m in Sources */,
				94C260FF28153EF20075B013 /* Szero_ClearCacheView.m in Sources */,
				94BB4B41287BFA8600F91A06 /* UIView+Border.m in Sources */,
				94BE930A283CD85400DE0685 /* Szero_BaseTabController.m in Sources */,
				94A9930F2812913200F3E521 /* Szero_ScanResultController.m in Sources */,
				94C260FC281520980075B013 /* Szero_RateView.m in Sources */,
				94C261312816CA7E0075B013 /* Szero_GlobalConfigModel.m in Sources */,
				94A992E42811279A00F3E521 /* Szero_CreatViewController.m in Sources */,
				94A99303281146DD00F3E521 /* Szero_FolderViewCell.m in Sources */,
			);
			runOnlyForDeploymentPostprocessing = 0;
		};
/* End PBXSourcesBuildPhase section */

/* Begin PBXVariantGroup section */
		94A992B8280FEE5900F3E521 /* Main.storyboard */ = {
			isa = PBXVariantGroup;
			children = (
				94A992B9280FEE5900F3E521 /* Base */,
			);
			name = Main.storyboard;
			sourceTree = "<group>";
		};
		94A992BD280FEE5900F3E521 /* LaunchScreen.storyboard */ = {
			isa = PBXVariantGroup;
			children = (
				94A992BE280FEE5900F3E521 /* Base */,
			);
			name = LaunchScreen.storyboard;
			sourceTree = "<group>";
		};
/* End PBXVariantGroup section */

/* Begin XCBuildConfiguration section */
		94A992C3280FEE5900F3E521 /* Debug */ = {
			isa = XCBuildConfiguration;
			buildSettings = {
				ALWAYS_SEARCH_USER_PATHS = NO;
				CLANG_ANALYZER_NONNULL = YES;
				CLANG_ANALYZER_NUMBER_OBJECT_CONVERSION = YES_AGGRESSIVE;
				CLANG_CXX_LANGUAGE_STANDARD = "gnu++17";
				CLANG_ENABLE_MODULES = YES;
				CLANG_ENABLE_OBJC_ARC = YES;
				CLANG_ENABLE_OBJC_WEAK = YES;
				CLANG_WARN_BLOCK_CAPTURE_AUTORELEASING = YES;
				CLANG_WARN_BOOL_CONVERSION = YES;
				CLANG_WARN_COMMA = YES;
				CLANG_WARN_CONSTANT_CONVERSION = YES;
				CLANG_WARN_DEPRECATED_OBJC_IMPLEMENTATIONS = YES;
				CLANG_WARN_DIRECT_OBJC_ISA_USAGE = YES_ERROR;
				CLANG_WARN_DOCUMENTATION_COMMENTS = YES;
				CLANG_WARN_EMPTY_BODY = YES;
				CLANG_WARN_ENUM_CONVERSION = YES;
				CLANG_WARN_INFINITE_RECURSION = YES;
				CLANG_WARN_INT_CONVERSION = YES;
				CLANG_WARN_NON_LITERAL_NULL_CONVERSION = YES;
				CLANG_WARN_OBJC_IMPLICIT_RETAIN_SELF = YES;
				CLANG_WARN_OBJC_LITERAL_CONVERSION = YES;
				CLANG_WARN_OBJC_ROOT_CLASS = YES_ERROR;
				CLANG_WARN_QUOTED_INCLUDE_IN_FRAMEWORK_HEADER = YES;
				CLANG_WARN_RANGE_LOOP_ANALYSIS = YES;
				CLANG_WARN_STRICT_PROTOTYPES = YES;
				CLANG_WARN_SUSPICIOUS_MOVE = YES;
				CLANG_WARN_UNGUARDED_AVAILABILITY = YES_AGGRESSIVE;
				CLANG_WARN_UNREACHABLE_CODE = YES;
				CLANG_WARN__DUPLICATE_METHOD_MATCH = YES;
				COPY_PHASE_STRIP = NO;
				DEBUG_INFORMATION_FORMAT = dwarf;
				ENABLE_STRICT_OBJC_MSGSEND = YES;
				ENABLE_TESTABILITY = YES;
				GCC_C_LANGUAGE_STANDARD = gnu11;
				GCC_DYNAMIC_NO_PIC = NO;
				GCC_NO_COMMON_BLOCKS = YES;
				GCC_OPTIMIZATION_LEVEL = 0;
				GCC_PREPROCESSOR_DEFINITIONS = (
					"DEBUG=1",
					"$(inherited)",
				);
				GCC_WARN_64_TO_32_BIT_CONVERSION = YES;
				GCC_WARN_ABOUT_RETURN_TYPE = YES_ERROR;
				GCC_WARN_UNDECLARED_SELECTOR = YES;
				GCC_WARN_UNINITIALIZED_AUTOS = YES_AGGRESSIVE;
				GCC_WARN_UNUSED_FUNCTION = YES;
				GCC_WARN_UNUSED_VARIABLE = YES;
				IPHONEOS_DEPLOYMENT_TARGET = 15.4;
				MTL_ENABLE_DEBUG_INFO = INCLUDE_SOURCE;
				MTL_FAST_MATH = YES;
				ONLY_ACTIVE_ARCH = YES;
				SDKROOT = iphoneos;
			};
			name = Debug;
		};
		94A992C4280FEE5900F3E521 /* Release */ = {
			isa = XCBuildConfiguration;
			buildSettings = {
				ALWAYS_SEARCH_USER_PATHS = NO;
				CLANG_ANALYZER_NONNULL = YES;
				CLANG_ANALYZER_NUMBER_OBJECT_CONVERSION = YES_AGGRESSIVE;
				CLANG_CXX_LANGUAGE_STANDARD = "gnu++17";
				CLANG_ENABLE_MODULES = YES;
				CLANG_ENABLE_OBJC_ARC = YES;
				CLANG_ENABLE_OBJC_WEAK = YES;
				CLANG_WARN_BLOCK_CAPTURE_AUTORELEASING = YES;
				CLANG_WARN_BOOL_CONVERSION = YES;
				CLANG_WARN_COMMA = YES;
				CLANG_WARN_CONSTANT_CONVERSION = YES;
				CLANG_WARN_DEPRECATED_OBJC_IMPLEMENTATIONS = YES;
				CLANG_WARN_DIRECT_OBJC_ISA_USAGE = YES_ERROR;
				CLANG_WARN_DOCUMENTATION_COMMENTS = YES;
				CLANG_WARN_EMPTY_BODY = YES;
				CLANG_WARN_ENUM_CONVERSION = YES;
				CLANG_WARN_INFINITE_RECURSION = YES;
				CLANG_WARN_INT_CONVERSION = YES;
				CLANG_WARN_NON_LITERAL_NULL_CONVERSION = YES;
				CLANG_WARN_OBJC_IMPLICIT_RETAIN_SELF = YES;
				CLANG_WARN_OBJC_LITERAL_CONVERSION = YES;
				CLANG_WARN_OBJC_ROOT_CLASS = YES_ERROR;
				CLANG_WARN_QUOTED_INCLUDE_IN_FRAMEWORK_HEADER = YES;
				CLANG_WARN_RANGE_LOOP_ANALYSIS = YES;
				CLANG_WARN_STRICT_PROTOTYPES = YES;
				CLANG_WARN_SUSPICIOUS_MOVE = YES;
				CLANG_WARN_UNGUARDED_AVAILABILITY = YES_AGGRESSIVE;
				CLANG_WARN_UNREACHABLE_CODE = YES;
				CLANG_WARN__DUPLICATE_METHOD_MATCH = YES;
				COPY_PHASE_STRIP = NO;
				DEBUG_INFORMATION_FORMAT = "dwarf-with-dsym";
				ENABLE_NS_ASSERTIONS = NO;
				ENABLE_STRICT_OBJC_MSGSEND = YES;
				GCC_C_LANGUAGE_STANDARD = gnu11;
				GCC_NO_COMMON_BLOCKS = YES;
				GCC_WARN_64_TO_32_BIT_CONVERSION = YES;
				GCC_WARN_ABOUT_RETURN_TYPE = YES_ERROR;
				GCC_WARN_UNDECLARED_SELECTOR = YES;
				GCC_WARN_UNINITIALIZED_AUTOS = YES_AGGRESSIVE;
				GCC_WARN_UNUSED_FUNCTION = YES;
				GCC_WARN_UNUSED_VARIABLE = YES;
				IPHONEOS_DEPLOYMENT_TARGET = 15.4;
				MTL_ENABLE_DEBUG_INFO = NO;
				MTL_FAST_MATH = YES;
				SDKROOT = iphoneos;
				VALIDATE_PRODUCT = YES;
			};
			name = Release;
		};
		94A992C6280FEE5900F3E521 /* Debug */ = {
			isa = XCBuildConfiguration;
			baseConfigurationReference = 8C3566B8BE6E31423275C0CA /* Pods-szeroqr.debug.xcconfig */;
			buildSettings = {
				APPLICATION_EXTENSION_API_ONLY = NO;
				ASSETCATALOG_COMPILER_APPICON_NAME = AppIcon;
				ASSETCATALOG_COMPILER_GLOBAL_ACCENT_COLOR_NAME = AccentColor;
				CODE_SIGN_ENTITLEMENTS = szeroqr/szeroqr.entitlements;
				CODE_SIGN_STYLE = Automatic;
				CURRENT_PROJECT_VERSION = 102.0.2;
				DEVELOPMENT_TEAM = UPT4TR9256;
				GCC_PREFIX_HEADER = "$(SRCROOT)/szeroqr/PrefixHeader.pch";
				GENERATE_INFOPLIST_FILE = YES;
				INFOPLIST_FILE = szeroqr/Info.plist;
				INFOPLIST_KEY_CFBundleDisplayName = "iQR-Scanning Expert";
				INFOPLIST_KEY_NSCameraUsageDescription = "Granting camera permission, you can scan the QR code and Barcode you need with unlimited, please allow authorization.Don't worry,we will not colllect and store your information and will not upload it to the server.";
				INFOPLIST_KEY_NSContactsUsageDescription = "Granting contacts permission, you can save the code to the album and share it with your friends, please allow authorization.Don't worry,we will not colllect and store your information and will not upload it to the server.";
				INFOPLIST_KEY_NSPhotoLibraryUsageDescription = "Granting album permission, you can save the code to the album and share it with your friends, please allow authorization.Don't worry,we will not colllect and store your information and will not upload it to the server.";
				INFOPLIST_KEY_NSUserTrackingUsageDescription = "Our app will NOT track or keep any record of your activities, authorizing tracking however can help us offer no cost services funded by personalized advertising.";
				INFOPLIST_KEY_UIApplicationSupportsIndirectInputEvents = YES;
				INFOPLIST_KEY_UILaunchStoryboardName = LaunchScreen;
				INFOPLIST_KEY_UIMainStoryboardFile = Main;
				INFOPLIST_KEY_UISupportedInterfaceOrientations_iPad = "UIInterfaceOrientationPortrait UIInterfaceOrientationPortraitUpsideDown UIInterfaceOrientationLandscapeLeft UIInterfaceOrientationLandscapeRight";
				INFOPLIST_KEY_UISupportedInterfaceOrientations_iPhone = "UIInterfaceOrientationPortrait UIInterfaceOrientationLandscapeLeft UIInterfaceOrientationLandscapeRight";
				IPHONEOS_DEPLOYMENT_TARGET = 12.0;
				LD_RUNPATH_SEARCH_PATHS = (
					"$(inherited)",
					"@executable_path/Frameworks",
				);
				MARKETING_VERSION = 2.0.1;
				PRODUCT_BUNDLE_IDENTIFIER = iqr.expert.qrcode;
				PRODUCT_NAME = "$(TARGET_NAME)";
				SWIFT_EMIT_LOC_STRINGS = YES;
				TARGETED_DEVICE_FAMILY = 1;
			};
			name = Debug;
		};
		94A992C7280FEE5900F3E521 /* Release */ = {
			isa = XCBuildConfiguration;
			baseConfigurationReference = 5B0DA7E52CFB554378F6BD9B /* Pods-szeroqr.release.xcconfig */;
			buildSettings = {
				APPLICATION_EXTENSION_API_ONLY = NO;
				ASSETCATALOG_COMPILER_APPICON_NAME = AppIcon;
				ASSETCATALOG_COMPILER_GLOBAL_ACCENT_COLOR_NAME = AccentColor;
				CODE_SIGN_ENTITLEMENTS = szeroqr/szeroqr.entitlements;
				CODE_SIGN_STYLE = Automatic;
				CURRENT_PROJECT_VERSION = 102.0.2;
				DEVELOPMENT_TEAM = UPT4TR9256;
				GCC_PREFIX_HEADER = "$(SRCROOT)/szeroqr/PrefixHeader.pch";
				GENERATE_INFOPLIST_FILE = YES;
				INFOPLIST_FILE = szeroqr/Info.plist;
				INFOPLIST_KEY_CFBundleDisplayName = "iQR-Scanning Expert";
				INFOPLIST_KEY_NSCameraUsageDescription = "Granting camera permission, you can scan the QR code and Barcode you need with unlimited, please allow authorization.Don't worry,we will not colllect and store your information and will not upload it to the server.";
				INFOPLIST_KEY_NSContactsUsageDescription = "Granting contacts permission, you can save the code to the album and share it with your friends, please allow authorization.Don't worry,we will not colllect and store your information and will not upload it to the server.";
				INFOPLIST_KEY_NSPhotoLibraryUsageDescription = "Granting album permission, you can save the code to the album and share it with your friends, please allow authorization.Don't worry,we will not colllect and store your information and will not upload it to the server.";
				INFOPLIST_KEY_NSUserTrackingUsageDescription = "Our app will NOT track or keep any record of your activities, authorizing tracking however can help us offer no cost services funded by personalized advertising.";
				INFOPLIST_KEY_UIApplicationSupportsIndirectInputEvents = YES;
				INFOPLIST_KEY_UILaunchStoryboardName = LaunchScreen;
				INFOPLIST_KEY_UIMainStoryboardFile = Main;
				INFOPLIST_KEY_UISupportedInterfaceOrientations_iPad = "UIInterfaceOrientationPortrait UIInterfaceOrientationPortraitUpsideDown UIInterfaceOrientationLandscapeLeft UIInterfaceOrientationLandscapeRight";
				INFOPLIST_KEY_UISupportedInterfaceOrientations_iPhone = "UIInterfaceOrientationPortrait UIInterfaceOrientationLandscapeLeft UIInterfaceOrientationLandscapeRight";
				IPHONEOS_DEPLOYMENT_TARGET = 12.0;
				LD_RUNPATH_SEARCH_PATHS = (
					"$(inherited)",
					"@executable_path/Frameworks",
				);
				MARKETING_VERSION = 2.0.1;
				PRODUCT_BUNDLE_IDENTIFIER = iqr.expert.qrcode;
				PRODUCT_NAME = "$(TARGET_NAME)";
				SWIFT_EMIT_LOC_STRINGS = YES;
				TARGETED_DEVICE_FAMILY = 1;
			};
			name = Release;
		};
/* End XCBuildConfiguration section */

/* Begin XCConfigurationList section */
		94A992A7280FEE5900F3E521 /* Build configuration list for PBXProject "szeroqr" */ = {
			isa = XCConfigurationList;
			buildConfigurations = (
				94A992C3280FEE5900F3E521 /* Debug */,
				94A992C4280FEE5900F3E521 /* Release */,
			);
			defaultConfigurationIsVisible = 0;
			defaultConfigurationName = Release;
		};
		94A992C5280FEE5900F3E521 /* Build configuration list for PBXNativeTarget "szeroqr" */ = {
			isa = XCConfigurationList;
			buildConfigurations = (
				94A992C6280FEE5900F3E521 /* Debug */,
				94A992C7280FEE5900F3E521 /* Release */,
			);
			defaultConfigurationIsVisible = 0;
			defaultConfigurationName = Release;
		};
/* End XCConfigurationList section */
	};
	rootObject = 94A992A4280FEE5900F3E521 /* Project object */;
}
